// !$*UTF8*$!
{
	archiveVersion = 1;
	classes = {
	};
	objectVersion = 46;
	objects = {

/* Begin PBXBuildFile section */
		E2F5A2201D5C19D700795071 /* main.m in Sources */ = {isa = PBXBuildFile; fileRef = E2F5A21F1D5C19D700795071 /* main.m */; };
		E2F5A2231D5C19D700795071 /* AppDelegate.m in Sources */ = {isa = PBXBuildFile; fileRef = E2F5A2221D5C19D700795071 /* AppDelegate.m */; };
		E2F5A2261D5C19D700795071 /* ViewController.m in Sources */ = {isa = PBXBuildFile; fileRef = E2F5A2251D5C19D700795071 /* ViewController.m */; };
		E2F5A2291D5C19D700795071 /* Main.storyboard in Resources */ = {isa = PBXBuildFile; fileRef = E2F5A2271D5C19D700795071 /* Main.storyboard */; };
		E2F5A22C1D5C19D700795071 /* TKMFileManager_Example.xcdatamodeld in Sources */ = {isa = PBXBuildFile; fileRef = E2F5A22A1D5C19D700795071 /* TKMFileManager_Example.xcdatamodeld */; };
		E2F5A22E1D5C19D700795071 /* Assets.xcassets in Resources */ = {isa = PBXBuildFile; fileRef = E2F5A22D1D5C19D700795071 /* Assets.xcassets */; };
		E2F5A2311D5C19D700795071 /* LaunchScreen.storyboard in Resources */ = {isa = PBXBuildFile; fileRef = E2F5A22F1D5C19D700795071 /* LaunchScreen.storyboard */; };
		E2F5A23C1D5C19D700795071 /* TKMFileManager_ExampleTests.m in Sources */ = {isa = PBXBuildFile; fileRef = E2F5A23B1D5C19D700795071 /* TKMFileManager_ExampleTests.m */; };
		E2F5A2481D5C19F000795071 /* TKMFileManager.m in Sources */ = {isa = PBXBuildFile; fileRef = E2F5A2471D5C19F000795071 /* TKMFileManager.m */; };
		E2F5A24B1D5C1D0C00795071 /* example.txt in Resources */ = {isa = PBXBuildFile; fileRef = E2F5A24A1D5C1D0C00795071 /* example.txt */; };
		E2F5A24E1D5C1D5F00795071 /* example2.txt in Resources */ = {isa = PBXBuildFile; fileRef = E2F5A24D1D5C1D5F00795071 /* example2.txt */; };
/* End PBXBuildFile section */

/* Begin PBXContainerItemProxy section */
		E2F5A2381D5C19D700795071 /* PBXContainerItemProxy */ = {
			isa = PBXContainerItemProxy;
			containerPortal = E2F5A2131D5C19D700795071 /* Project object */;
			proxyType = 1;
			remoteGlobalIDString = E2F5A21A1D5C19D700795071;
			remoteInfo = "TKMFileManager Example";
		};
/* End PBXContainerItemProxy section */

/* Begin PBXFileReference section */
		E2F5A21B1D5C19D700795071 /* TKMFileManager Example.app */ = {isa = PBXFileReference; explicitFileType = wrapper.application; includeInIndex = 0; path = "TKMFileManager Example.app"; sourceTree = BUILT_PRODUCTS_DIR; };
		E2F5A21F1D5C19D700795071 /* main.m */ = {isa = PBXFileReference; lastKnownFileType = sourcecode.c.objc; path = main.m; sourceTree = "<group>"; };
		E2F5A2211D5C19D700795071 /* AppDelegate.h */ = {isa = PBXFileReference; lastKnownFileType = sourcecode.c.h; path = AppDelegate.h; sourceTree = "<group>"; };
		E2F5A2221D5C19D700795071 /* AppDelegate.m */ = {isa = PBXFileReference; lastKnownFileType = sourcecode.c.objc; path = AppDelegate.m; sourceTree = "<group>"; };
		E2F5A2241D5C19D700795071 /* ViewController.h */ = {isa = PBXFileReference; lastKnownFileType = sourcecode.c.h; path = ViewController.h; sourceTree = "<group>"; };
		E2F5A2251D5C19D700795071 /* ViewController.m */ = {isa = PBXFileReference; lastKnownFileType = sourcecode.c.objc; path = ViewController.m; sourceTree = "<group>"; };
		E2F5A2281D5C19D700795071 /* Base */ = {isa = PBXFileReference; lastKnownFileType = file.storyboard; name = Base; path = Base.lproj/Main.storyboard; sourceTree = "<group>"; };
		E2F5A22B1D5C19D700795071 /* TKMFileManager_Example.xcdatamodel */ = {isa = PBXFileReference; lastKnownFileType = wrapper.xcdatamodel; path = TKMFileManager_Example.xcdatamodel; sourceTree = "<group>"; };
		E2F5A22D1D5C19D700795071 /* Assets.xcassets */ = {isa = PBXFileReference; lastKnownFileType = folder.assetcatalog; path = Assets.xcassets; sourceTree = "<group>"; };
		E2F5A2301D5C19D700795071 /* Base */ = {isa = PBXFileReference; lastKnownFileType = file.storyboard; name = Base; path = Base.lproj/LaunchScreen.storyboard; sourceTree = "<group>"; };
		E2F5A2321D5C19D700795071 /* Info.plist */ = {isa = PBXFileReference; lastKnownFileType = text.plist.xml; path = Info.plist; sourceTree = "<group>"; };
		E2F5A2371D5C19D700795071 /* TKMFileManager ExampleTests.xctest */ = {isa = PBXFileReference; explicitFileType = wrapper.cfbundle; includeInIndex = 0; path = "TKMFileManager ExampleTests.xctest"; sourceTree = BUILT_PRODUCTS_DIR; };
		E2F5A23B1D5C19D700795071 /* TKMFileManager_ExampleTests.m */ = {isa = PBXFileReference; lastKnownFileType = sourcecode.c.objc; path = TKMFileManager_ExampleTests.m; sourceTree = "<group>"; };
		E2F5A23D1D5C19D700795071 /* Info.plist */ = {isa = PBXFileReference; lastKnownFileType = text.plist.xml; path = Info.plist; sourceTree = "<group>"; };
		E2F5A2461D5C19F000795071 /* TKMFileManager.h */ = {isa = PBXFileReference; fileEncoding = 4; lastKnownFileType = sourcecode.c.h; path = TKMFileManager.h; sourceTree = "<group>"; };
		E2F5A2471D5C19F000795071 /* TKMFileManager.m */ = {isa = PBXFileReference; fileEncoding = 4; lastKnownFileType = sourcecode.c.objc; path = TKMFileManager.m; sourceTree = "<group>"; };
		E2F5A24A1D5C1D0C00795071 /* example.txt */ = {isa = PBXFileReference; fileEncoding = 4; lastKnownFileType = text; path = example.txt; sourceTree = "<group>"; };
		E2F5A24D1D5C1D5F00795071 /* example2.txt */ = {isa = PBXFileReference; fileEncoding = 4; lastKnownFileType = text; path = example2.txt; sourceTree = "<group>"; };
/* End PBXFileReference section */

/* Begin PBXFrameworksBuildPhase section */
		E2F5A2181D5C19D700795071 /* Frameworks */ = {
			isa = PBXFrameworksBuildPhase;
			buildActionMask = 2147483647;
			files = (
			);
			runOnlyForDeploymentPostprocessing = 0;
		};
		E2F5A2341D5C19D700795071 /* Frameworks */ = {
			isa = PBXFrameworksBuildPhase;
			buildActionMask = 2147483647;
			files = (
			);
			runOnlyForDeploymentPostprocessing = 0;
		};
/* End PBXFrameworksBuildPhase section */

/* Begin PBXGroup section */
		E2F5A2121D5C19D700795071 = {
			isa = PBXGroup;
			children = (
				E2F5A21D1D5C19D700795071 /* TKMFileManager Example */,
				E2F5A23A1D5C19D700795071 /* TKMFileManager ExampleTests */,
				E2F5A21C1D5C19D700795071 /* Products */,
			);
			sourceTree = "<group>";
		};
		E2F5A21C1D5C19D700795071 /* Products */ = {
			isa = PBXGroup;
			children = (
				E2F5A21B1D5C19D700795071 /* TKMFileManager Example.app */,
				E2F5A2371D5C19D700795071 /* TKMFileManager ExampleTests.xctest */,
			);
			name = Products;
			sourceTree = "<group>";
		};
		E2F5A21D1D5C19D700795071 /* TKMFileManager Example */ = {
			isa = PBXGroup;
			children = (
				E2F5A2211D5C19D700795071 /* AppDelegate.h */,
				E2F5A2221D5C19D700795071 /* AppDelegate.m */,
				E2F5A2241D5C19D700795071 /* ViewController.h */,
				E2F5A2251D5C19D700795071 /* ViewController.m */,
				E2F5A2271D5C19D700795071 /* Main.storyboard */,
				E2F5A22D1D5C19D700795071 /* Assets.xcassets */,
				E2F5A22F1D5C19D700795071 /* LaunchScreen.storyboard */,
				E2F5A2321D5C19D700795071 /* Info.plist */,
				E2F5A22A1D5C19D700795071 /* TKMFileManager_Example.xcdatamodeld */,
				E2F5A2491D5C19F700795071 /* TKMFileManager */,
				E2F5A24C1D5C1D1200795071 /* Resources */,
				E2F5A21E1D5C19D700795071 /* Supporting Files */,
			);
			path = "TKMFileManager Example";
			sourceTree = "<group>";
		};
		E2F5A21E1D5C19D700795071 /* Supporting Files */ = {
			isa = PBXGroup;
			children = (
				E2F5A21F1D5C19D700795071 /* main.m */,
			);
			name = "Supporting Files";
			sourceTree = "<group>";
		};
		E2F5A23A1D5C19D700795071 /* TKMFileManager ExampleTests */ = {
			isa = PBXGroup;
			children = (
				E2F5A23B1D5C19D700795071 /* TKMFileManager_ExampleTests.m */,
				E2F5A23D1D5C19D700795071 /* Info.plist */,
			);
			path = "TKMFileManager ExampleTests";
			sourceTree = "<group>";
		};
		E2F5A2491D5C19F700795071 /* TKMFileManager */ = {
			isa = PBXGroup;
			children = (
				E2F5A2461D5C19F000795071 /* TKMFileManager.h */,
				E2F5A2471D5C19F000795071 /* TKMFileManager.m */,
			);
			name = TKMFileManager;
			sourceTree = "<group>";
		};
		E2F5A24C1D5C1D1200795071 /* Resources */ = {
			isa = PBXGroup;
			children = (
				E2F5A24A1D5C1D0C00795071 /* example.txt */,
				E2F5A24D1D5C1D5F00795071 /* example2.txt */,
			);
			name = Resources;
			sourceTree = "<group>";
		};
/* End PBXGroup section */

/* Begin PBXNativeTarget section */
		E2F5A21A1D5C19D700795071 /* TKMFileManager Example */ = {
			isa = PBXNativeTarget;
			buildConfigurationList = E2F5A2401D5C19D700795071 /* Build configuration list for PBXNativeTarget "TKMFileManager Example" */;
			buildPhases = (
				E2F5A2171D5C19D700795071 /* Sources */,
				E2F5A2181D5C19D700795071 /* Frameworks */,
				E2F5A2191D5C19D700795071 /* Resources */,
			);
			buildRules = (
			);
			dependencies = (
			);
			name = "TKMFileManager Example";
			productName = "TKMFileManager Example";
			productReference = E2F5A21B1D5C19D700795071 /* TKMFileManager Example.app */;
			productType = "com.apple.product-type.application";
		};
		E2F5A2361D5C19D700795071 /* TKMFileManager ExampleTests */ = {
			isa = PBXNativeTarget;
			buildConfigurationList = E2F5A2431D5C19D700795071 /* Build configuration list for PBXNativeTarget "TKMFileManager ExampleTests" */;
			buildPhases = (
				E2F5A2331D5C19D700795071 /* Sources */,
				E2F5A2341D5C19D700795071 /* Frameworks */,
				E2F5A2351D5C19D700795071 /* Resources */,
			);
			buildRules = (
			);
			dependencies = (
				E2F5A2391D5C19D700795071 /* PBXTargetDependency */,
			);
			name = "TKMFileManager ExampleTests";
			productName = "TKMFileManager ExampleTests";
			productReference = E2F5A2371D5C19D700795071 /* TKMFileManager ExampleTests.xctest */;
			productType = "com.apple.product-type.bundle.unit-test";
		};
/* End PBXNativeTarget section */

/* Begin PBXProject section */
		E2F5A2131D5C19D700795071 /* Project object */ = {
			isa = PBXProject;
			attributes = {
				LastUpgradeCheck = 0800;
				ORGANIZATIONNAME = "Tom Metzger";
				TargetAttributes = {
					E2F5A21A1D5C19D700795071 = {
						CreatedOnToolsVersion = 8.0;
						DevelopmentTeam = U7RS77BY9N;
						ProvisioningStyle = Automatic;
					};
					E2F5A2361D5C19D700795071 = {
						CreatedOnToolsVersion = 8.0;
						DevelopmentTeam = U7RS77BY9N;
						ProvisioningStyle = Automatic;
						TestTargetID = E2F5A21A1D5C19D700795071;
					};
				};
			};
			buildConfigurationList = E2F5A2161D5C19D700795071 /* Build configuration list for PBXProject "TKMFileManager Example" */;
			compatibilityVersion = "Xcode 3.2";
			developmentRegion = English;
			hasScannedForEncodings = 0;
			knownRegions = (
				en,
				Base,
			);
			mainGroup = E2F5A2121D5C19D700795071;
			productRefGroup = E2F5A21C1D5C19D700795071 /* Products */;
			projectDirPath = "";
			projectRoot = "";
			targets = (
				E2F5A21A1D5C19D700795071 /* TKMFileManager Example */,
				E2F5A2361D5C19D700795071 /* TKMFileManager ExampleTests */,
			);
		};
/* End PBXProject section */

/* Begin PBXResourcesBuildPhase section */
		E2F5A2191D5C19D700795071 /* Resources */ = {
			isa = PBXResourcesBuildPhase;
			buildActionMask = 2147483647;
			files = (
				E2F5A2311D5C19D700795071 /* LaunchScreen.storyboard in Resources */,
				E2F5A24B1D5C1D0C00795071 /* example.txt in Resources */,
				E2F5A24E1D5C1D5F00795071 /* example2.txt in Resources */,
				E2F5A22E1D5C19D700795071 /* Assets.xcassets in Resources */,
				E2F5A2291D5C19D700795071 /* Main.storyboard in Resources */,
			);
			runOnlyForDeploymentPostprocessing = 0;
		};
		E2F5A2351D5C19D700795071 /* Resources */ = {
			isa = PBXResourcesBuildPhase;
			buildActionMask = 2147483647;
			files = (
			);
			runOnlyForDeploymentPostprocessing = 0;
		};
/* End PBXResourcesBuildPhase section */

/* Begin PBXSourcesBuildPhase section */
		E2F5A2171D5C19D700795071 /* Sources */ = {
			isa = PBXSourcesBuildPhase;
			buildActionMask = 2147483647;
			files = (
				E2F5A2481D5C19F000795071 /* TKMFileManager.m in Sources */,
				E2F5A2261D5C19D700795071 /* ViewController.m in Sources */,
				E2F5A22C1D5C19D700795071 /* TKMFileManager_Example.xcdatamodeld in Sources */,
				E2F5A2231D5C19D700795071 /* AppDelegate.m in Sources */,
				E2F5A2201D5C19D700795071 /* main.m in Sources */,
			);
			runOnlyForDeploymentPostprocessing = 0;
		};
		E2F5A2331D5C19D700795071 /* Sources */ = {
			isa = PBXSourcesBuildPhase;
			buildActionMask = 2147483647;
			files = (
				E2F5A23C1D5C19D700795071 /* TKMFileManager_ExampleTests.m in Sources */,
			);
			runOnlyForDeploymentPostprocessing = 0;
		};
/* End PBXSourcesBuildPhase section */

/* Begin PBXTargetDependency section */
		E2F5A2391D5C19D700795071 /* PBXTargetDependency */ = {
			isa = PBXTargetDependency;
			target = E2F5A21A1D5C19D700795071 /* TKMFileManager Example */;
			targetProxy = E2F5A2381D5C19D700795071 /* PBXContainerItemProxy */;
		};
/* End PBXTargetDependency section */

/* Begin PBXVariantGroup section */
		E2F5A2271D5C19D700795071 /* Main.storyboard */ = {
			isa = PBXVariantGroup;
			children = (
				E2F5A2281D5C19D700795071 /* Base */,
			);
			name = Main.storyboard;
			sourceTree = "<group>";
		};
		E2F5A22F1D5C19D700795071 /* LaunchScreen.storyboard */ = {
			isa = PBXVariantGroup;
			children = (
				E2F5A2301D5C19D700795071 /* Base */,
			);
			name = LaunchScreen.storyboard;
			sourceTree = "<group>";
		};
/* End PBXVariantGroup section */

/* Begin XCBuildConfiguration section */
		E2F5A23E1D5C19D700795071 /* Debug */ = {
			isa = XCBuildConfiguration;
			buildSettings = {
				ALWAYS_SEARCH_USER_PATHS = NO;
				CLANG_ANALYZER_NONNULL = YES;
				CLANG_CXX_LANGUAGE_STANDARD = "gnu++0x";
				CLANG_CXX_LIBRARY = "libc++";
				CLANG_ENABLE_MODULES = YES;
				CLANG_ENABLE_OBJC_ARC = YES;
				CLANG_WARN_BOOL_CONVERSION = YES;
				CLANG_WARN_CONSTANT_CONVERSION = YES;
				CLANG_WARN_DIRECT_OBJC_ISA_USAGE = YES_ERROR;
				CLANG_WARN_DOCUMENTATION_COMMENTS = YES;
				CLANG_WARN_EMPTY_BODY = YES;
				CLANG_WARN_ENUM_CONVERSION = YES;
				CLANG_WARN_INFINITE_RECURSION = YES;
				CLANG_WARN_INT_CONVERSION = YES;
				CLANG_WARN_OBJC_ROOT_CLASS = YES_ERROR;
				CLANG_WARN_SUSPICIOUS_MOVES = YES;
				CLANG_WARN_UNREACHABLE_CODE = YES;
				CLANG_WARN__DUPLICATE_METHOD_MATCH = YES;
				"CODE_SIGN_IDENTITY[sdk=iphoneos*]" = "iPhone Developer";
				COPY_PHASE_STRIP = NO;
				DEBUG_INFORMATION_FORMAT = dwarf;
				ENABLE_STRICT_OBJC_MSGSEND = YES;
				ENABLE_TESTABILITY = YES;
				GCC_C_LANGUAGE_STANDARD = gnu99;
				GCC_DYNAMIC_NO_PIC = NO;
				GCC_NO_COMMON_BLOCKS = YES;
				GCC_OPTIMIZATION_LEVEL = 0;
				GCC_PREPROCESSOR_DEFINITIONS = (
					"DEBUG=1",
					"$(inherited)",
				);
				GCC_WARN_64_TO_32_BIT_CONVERSION = YES;
				GCC_WARN_ABOUT_RETURN_TYPE = YES_ERROR;
				GCC_WARN_UNDECLARED_SELECTOR = YES;
				GCC_WARN_UNINITIALIZED_AUTOS = YES_AGGRESSIVE;
				GCC_WARN_UNUSED_FUNCTION = YES;
				GCC_WARN_UNUSED_VARIABLE = YES;
				IPHONEOS_DEPLOYMENT_TARGET = 10.0;
				MTL_ENABLE_DEBUG_INFO = YES;
				ONLY_ACTIVE_ARCH = YES;
				SDKROOT = iphoneos;
				TARGETED_DEVICE_FAMILY = "1,2";
			};
			name = Debug;
		};
		E2F5A23F1D5C19D700795071 /* Release */ = {
			isa = XCBuildConfiguration;
			buildSettings = {
				ALWAYS_SEARCH_USER_PATHS = NO;
				CLANG_ANALYZER_NONNULL = YES;
				CLANG_CXX_LANGUAGE_STANDARD = "gnu++0x";
				CLANG_CXX_LIBRARY = "libc++";
				CLANG_ENABLE_MODULES = YES;
				CLANG_ENABLE_OBJC_ARC = YES;
				CLANG_WARN_BOOL_CONVERSION = YES;
				CLANG_WARN_CONSTANT_CONVERSION = YES;
				CLANG_WARN_DIRECT_OBJC_ISA_USAGE = YES_ERROR;
				CLANG_WARN_DOCUMENTATION_COMMENTS = YES;
				CLANG_WARN_EMPTY_BODY = YES;
				CLANG_WARN_ENUM_CONVERSION = YES;
				CLANG_WARN_INFINITE_RECURSION = YES;
				CLANG_WARN_INT_CONVERSION = YES;
				CLANG_WARN_OBJC_ROOT_CLASS = YES_ERROR;
				CLANG_WARN_SUSPICIOUS_MOVES = YES;
				CLANG_WARN_UNREACHABLE_CODE = YES;
				CLANG_WARN__DUPLICATE_METHOD_MATCH = YES;
				"CODE_SIGN_IDENTITY[sdk=iphoneos*]" = "iPhone Developer";
				COPY_PHASE_STRIP = NO;
				DEBUG_INFORMATION_FORMAT = "dwarf-with-dsym";
				ENABLE_NS_ASSERTIONS = NO;
				ENABLE_STRICT_OBJC_MSGSEND = YES;
				GCC_C_LANGUAGE_STANDARD = gnu99;
				GCC_NO_COMMON_BLOCKS = YES;
				GCC_WARN_64_TO_32_BIT_CONVERSION = YES;
				GCC_WARN_ABOUT_RETURN_TYPE = YES_ERROR;
				GCC_WARN_UNDECLARED_SELECTOR = YES;
				GCC_WARN_UNINITIALIZED_AUTOS = YES_AGGRESSIVE;
				GCC_WARN_UNUSED_FUNCTION = YES;
				GCC_WARN_UNUSED_VARIABLE = YES;
				IPHONEOS_DEPLOYMENT_TARGET = 10.0;
				MTL_ENABLE_DEBUG_INFO = NO;
				SDKROOT = iphoneos;
				TARGETED_DEVICE_FAMILY = "1,2";
				VALIDATE_PRODUCT = YES;
			};
			name = Release;
		};
		E2F5A2411D5C19D700795071 /* Debug */ = {
			isa = XCBuildConfiguration;
			buildSettings = {
				ASSETCATALOG_COMPILER_APPICON_NAME = AppIcon;
				DEVELOPMENT_TEAM = U7RS77BY9N;
				INFOPLIST_FILE = "TKMFileManager Example/Info.plist";
				LD_RUNPATH_SEARCH_PATHS = "$(inherited) @executable_path/Frameworks";
				PRODUCT_BUNDLE_IDENTIFIER = "com.Tom-Metzger.TKMFileManager-Example";
				PRODUCT_NAME = "$(TARGET_NAME)";
			};
			name = Debug;
		};
		E2F5A2421D5C19D700795071 /* Release */ = {
			isa = XCBuildConfiguration;
			buildSettings = {
				ASSETCATALOG_COMPILER_APPICON_NAME = AppIcon;
				DEVELOPMENT_TEAM = U7RS77BY9N;
				INFOPLIST_FILE = "TKMFileManager Example/Info.plist";
				LD_RUNPATH_SEARCH_PATHS = "$(inherited) @executable_path/Frameworks";
				PRODUCT_BUNDLE_IDENTIFIER = "com.Tom-Metzger.TKMFileManager-Example";
				PRODUCT_NAME = "$(TARGET_NAME)";
			};
			name = Release;
		};
		E2F5A2441D5C19D700795071 /* Debug */ = {
			isa = XCBuildConfiguration;
			buildSettings = {
				BUNDLE_LOADER = "$(TEST_HOST)";
				DEVELOPMENT_TEAM = U7RS77BY9N;
				INFOPLIST_FILE = "TKMFileManager ExampleTests/Info.plist";
				LD_RUNPATH_SEARCH_PATHS = "$(inherited) @executable_path/Frameworks @loader_path/Frameworks";
				PRODUCT_BUNDLE_IDENTIFIER = "com.Tom-Metzger.TKMFileManager-ExampleTests";
				PRODUCT_NAME = "$(TARGET_NAME)";
				TEST_HOST = "$(BUILT_PRODUCTS_DIR)/TKMFileManager Example.app/TKMFileManager Example";
			};
			name = Debug;
		};
		E2F5A2451D5C19D700795071 /* Release */ = {
			isa = XCBuildConfiguration;
			buildSettings = {
				BUNDLE_LOADER = "$(TEST_HOST)";
				DEVELOPMENT_TEAM = U7RS77BY9N;
				INFOPLIST_FILE = "TKMFileManager ExampleTests/Info.plist";
				LD_RUNPATH_SEARCH_PATHS = "$(inherited) @executable_path/Frameworks @loader_path/Frameworks";
				PRODUCT_BUNDLE_IDENTIFIER = "com.Tom-Metzger.TKMFileManager-ExampleTests";
				PRODUCT_NAME = "$(TARGET_NAME)";
				TEST_HOST = "$(BUILT_PRODUCTS_DIR)/TKMFileManager Example.app/TKMFileManager Example";
			};
			name = Release;
		};
/* End XCBuildConfiguration section */

/* Begin XCConfigurationList section */
		E2F5A2161D5C19D700795071 /* Build configuration list for PBXProject "TKMFileManager Example" */ = {
			isa = XCConfigurationList;
			buildConfigurations = (
				E2F5A23E1D5C19D700795071 /* Debug */,
				E2F5A23F1D5C19D700795071 /* Release */,
			);
			defaultConfigurationIsVisible = 0;
			defaultConfigurationName = Release;
		};
		E2F5A2401D5C19D700795071 /* Build configuration list for PBXNativeTarget "TKMFileManager Example" */ = {
			isa = XCConfigurationList;
			buildConfigurations = (
				E2F5A2411D5C19D700795071 /* Debug */,
				E2F5A2421D5C19D700795071 /* Release */,
			);
			defaultConfigurationIsVisible = 0;
		};
		E2F5A2431D5C19D700795071 /* Build configuration list for PBXNativeTarget "TKMFileManager ExampleTests" */ = {
			isa = XCConfigurationList;
			buildConfigurations = (
				E2F5A2441D5C19D700795071 /* Debug */,
				E2F5A2451D5C19D700795071 /* Release */,
			);
			defaultConfigurationIsVisible = 0;
		};
/* End XCConfigurationList section */

/* Begin XCVersionGroup section */
		E2F5A22A1D5C19D700795071 /* TKMFileManager_Example.xcdatamodeld */ = {
			isa = XCVersionGroup;
			children = (
				E2F5A22B1D5C19D700795071 /* TKMFileManager_Example.xcdatamodel */,
			);
			currentVersion = E2F5A22B1D5C19D700795071 /* TKMFileManager_Example.xcdatamodel */;
			path = TKMFileManager_Example.xcdatamodeld;
			sourceTree = "<group>";
			versionGroupType = wrapper.xcdatamodel;
		};
/* End XCVersionGroup section */
	};
	rootObject = E2F5A2131D5C19D700795071 /* Project object */;
}
